
Microsoft Visual Studio Solution File, Format Version 12.00
# Visual Studio 15
VisualStudioVersion = 15.0.28010.2041
MinimumVisualStudioVersion = 10.0.40219.1
Project("{2150E333-8FDC-42A3-9474-1A3956D46DE8}") = "test", "test", "{95DF04AA-18E7-4BE0-8D70-81E4301475DC}"
EndProject
Project("{9A19103F-16F7-4668-BE54-9A1E7A4F7556}") = "UnitTests", "test\UnitTests\UnitTests.csproj", "{B075181C-7C84-438E-9ACE-64912517FC21}"
EndProject
Project("{2150E333-8FDC-42A3-9474-1A3956D46DE8}") = "src", "src", "{6BFC8641-CDEC-473D-96B3-0F74B9E4C927}"
EndProject
Project("{9A19103F-16F7-4668-BE54-9A1E7A4F7556}") = "StringSearch", "src\StringSearch\StringSearch.csproj", "{F5B0FE49-5A35-453B-A4A3-4FE31D171489}"
EndProject
Project("{9A19103F-16F7-4668-BE54-9A1E7A4F7556}") = "SuffixArray", "src\SuffixArray\SuffixArray.csproj", "{2B224B35-A15F-4BC7-B5E9-F55578F8494B}"
EndProject
Project("{9A19103F-16F7-4668-BE54-9A1E7A4F7556}") = "StringSearchConsole", "src\StringSearchConsole\StringSearchConsole.csproj", "{5564FA7C-AD0E-4F41-9340-1DE91B3C10AB}"
EndProject
Project("{9A19103F-16F7-4668-BE54-9A1E7A4F7556}") = "StringSearch.Api", "src\StringSearch.Api\StringSearch.Api.csproj", "{371A64B6-103B-4E21-9A09-18E81C762E24}"
EndProject
Global
	GlobalSection(SolutionConfigurationPlatforms) = preSolution
		Debug|Any CPU = Debug|Any CPU
		Release|Any CPU = Release|Any CPU
	EndGlobalSection
	GlobalSection(ProjectConfigurationPlatforms) = postSolution
		{B075181C-7C84-438E-9ACE-64912517FC21}.Debug|Any CPU.ActiveCfg = Debug|Any CPU
		{B075181C-7C84-438E-9ACE-64912517FC21}.Debug|Any CPU.Build.0 = Debug|Any CPU
		{B075181C-7C84-438E-9ACE-64912517FC21}.Release|Any CPU.ActiveCfg = Release|Any CPU
		{B075181C-7C84-438E-9ACE-64912517FC21}.Release|Any CPU.Build.0 = Release|Any CPU
		{F5B0FE49-5A35-453B-A4A3-4FE31D171489}.Debug|Any CPU.ActiveCfg = Debug|Any CPU
		{F5B0FE49-5A35-453B-A4A3-4FE31D171489}.Debug|Any CPU.Build.0 = Debug|Any CPU
		{F5B0FE49-5A35-453B-A4A3-4FE31D171489}.Release|Any CPU.ActiveCfg = Release|Any CPU
		{F5B0FE49-5A35-453B-A4A3-4FE31D171489}.Release|Any CPU.Build.0 = Release|Any CPU
		{2B224B35-A15F-4BC7-B5E9-F55578F8494B}.Debug|Any CPU.ActiveCfg = Debug|Any CPU
		{2B224B35-A15F-4BC7-B5E9-F55578F8494B}.Debug|Any CPU.Build.0 = Debug|Any CPU
		{2B224B35-A15F-4BC7-B5E9-F55578F8494B}.Release|Any CPU.ActiveCfg = Release|Any CPU
		{2B224B35-A15F-4BC7-B5E9-F55578F8494B}.Release|Any CPU.Build.0 = Release|Any CPU
		{5564FA7C-AD0E-4F41-9340-1DE91B3C10AB}.Debug|Any CPU.ActiveCfg = Debug|Any CPU
		{5564FA7C-AD0E-4F41-9340-1DE91B3C10AB}.Debug|Any CPU.Build.0 = Debug|Any CPU
		{5564FA7C-AD0E-4F41-9340-1DE91B3C10AB}.Release|Any CPU.ActiveCfg = Release|Any CPU
		{5564FA7C-AD0E-4F41-9340-1DE91B3C10AB}.Release|Any CPU.Build.0 = Release|Any CPU
		{371A64B6-103B-4E21-9A09-18E81C762E24}.Debug|Any CPU.ActiveCfg = Debug|Any CPU
		{371A64B6-103B-4E21-9A09-18E81C762E24}.Debug|Any CPU.Build.0 = Debug|Any CPU
		{371A64B6-103B-4E21-9A09-18E81C762E24}.Release|Any CPU.ActiveCfg = Release|Any CPU
		{371A64B6-103B-4E21-9A09-18E81C762E24}.Release|Any CPU.Build.0 = Release|Any CPU
	EndGlobalSection
	GlobalSection(SolutionProperties) = preSolution
		HideSolutionNode = FALSE
	EndGlobalSection
	GlobalSection(NestedProjects) = preSolution
		{B075181C-7C84-438E-9ACE-64912517FC21} = {95DF04AA-18E7-4BE0-8D70-81E4301475DC}
		{F5B0FE49-5A35-453B-A4A3-4FE31D171489} = {6BFC8641-CDEC-473D-96B3-0F74B9E4C927}
		{2B224B35-A15F-4BC7-B5E9-F55578F8494B} = {6BFC8641-CDEC-473D-96B3-0F74B9E4C927}
		{5564FA7C-AD0E-4F41-9340-1DE91B3C10AB} = {6BFC8641-CDEC-473D-96B3-0F74B9E4C927}
		{371A64B6-103B-4E21-9A09-18E81C762E24} = {6BFC8641-CDEC-473D-96B3-0F74B9E4C927}
	EndGlobalSection
	GlobalSection(ExtensibilityGlobals) = postSolution
		SolutionGuid = {F105FED6-FACC-41D3-BF01-404E894EDDCE}
	EndGlobalSection
EndGlobal
